{
  "name": "playground",
  "version": "1.0.0",
  "lockfileVersion": 3,
  "requires": true,
  "packages": {
    "": {
      "name": "playground",
      "version": "1.0.0",
      "license": "ISC",
      "dependencies": {
        "runrc": "file:../dist/npm"
      }
    },
    "../dist/npm": {
      "name": "runrc",
      "version": "1.0.1",
      "license": "MIT",
      "dependencies": {
        "@deno/shim-deno": "~0.16.1",
        "@total-typescript/ts-reset": "*",
        "chalk": "4.1.0",
        "yaml": "2.2.1",
        "zod": "3.20.5",
        "zod-error": "1.5.0"
      },
      "bin": {
        "runrc": "esm/main.js"
      },
      "devDependencies": {
        "@types/node": "^18.11.9",
        "picocolors": "^1.0.0"
      }
    },
    "node_modules/runrc": {
      "resolved": "../dist/npm",
      "link": true
    }
  }
}
